
Microsoft Visual Studio Solution File, Format Version 12.00
# Visual Studio 15
VisualStudioVersion = 15.0.28010.2016
MinimumVisualStudioVersion = 10.0.40219.1
Project("{FAE04EC0-301F-11D3-BF4B-00C04F79EFBC}") = "ConsoleApp1", "ConsoleApp1\ConsoleApp1.csproj", "{7D6A10F7-A401-4751-9D53-ED64291C1C41}"
EndProject
Project("{FAE04EC0-301F-11D3-BF4B-00C04F79EFBC}") = "UnitTestProject1", "UnitTestProject1\UnitTestProject1.csproj", "{B7C0515B-6D1B-4917-A43B-2E779464C08C}"
EndProject
Global
	GlobalSection(SolutionConfigurationPlatforms) = preSolution
		Debug|Any CPU = Debug|Any CPU
		Release|Any CPU = Release|Any CPU
	EndGlobalSection
	GlobalSection(ProjectConfigurationPlatforms) = postSolution
		{7D6A10F7-A401-4751-9D53-ED64291C1C41}.Debug|Any CPU.ActiveCfg = Debug|Any CPU
		{7D6A10F7-A401-4751-9D53-ED64291C1C41}.Debug|Any CPU.Build.0 = Debug|Any CPU
		{7D6A10F7-A401-4751-9D53-ED64291C1C41}.Release|Any CPU.ActiveCfg = Release|Any CPU
		{7D6A10F7-A401-4751-9D53-ED64291C1C41}.Release|Any CPU.Build.0 = Release|Any CPU
		{B7C0515B-6D1B-4917-A43B-2E779464C08C}.Debug|Any CPU.ActiveCfg = Debug|Any CPU
		{B7C0515B-6D1B-4917-A43B-2E779464C08C}.Debug|Any CPU.Build.0 = Debug|Any CPU
		{B7C0515B-6D1B-4917-A43B-2E779464C08C}.Release|Any CPU.ActiveCfg = Release|Any CPU
		{B7C0515B-6D1B-4917-A43B-2E779464C08C}.Release|Any CPU.Build.0 = Release|Any CPU
	EndGlobalSection
	GlobalSection(SolutionProperties) = preSolution
		HideSolutionNode = FALSE
	EndGlobalSection
	GlobalSection(ExtensibilityGlobals) = postSolution
		SolutionGuid = {D8BB1F72-57AC-4DC2-BF9C-651B5FDEF1DA}
	EndGlobalSection
EndGlobal
